
Microsoft Visual Studio Solution File, Format Version 12.00
# Visual Studio Version 16
VisualStudioVersion = 16.0.32630.194
MinimumVisualStudioVersion = 10.0.40219.1
Project("{FAE04EC0-301F-11D3-BF4B-00C04F79EFBC}") = "MyDotNetApp", "MyDotNetApp\MyDotNetApp.csproj", "{768218E2-B6BB-4769-8DA6-515D8A21D72B}"
EndProject
Project("{FAE04EC0-301F-11D3-BF4B-00C04F79EFBC}") = "MyDotNetApp.Tests", "MyDotNetApp.Tests\MyDotNetApp.Tests.csproj", "{A72E33B5-7026-4829-A7DB-52ECE0AF9412}"
EndProject
Global
	GlobalSection(SolutionConfigurationPlatforms) = preSolution
		Debug|Any CPU = Debug|Any CPU
		Release|Any CPU = Release|Any CPU
	EndGlobalSection
	GlobalSection(ProjectConfigurationPlatforms) = postSolution
		{768218E2-B6BB-4769-8DA6-515D8A21D72B}.Debug|Any CPU.ActiveCfg = Debug|Any CPU
		{768218E2-B6BB-4769-8DA6-515D8A21D72B}.Debug|Any CPU.Build.0 = Debug|Any CPU
		{768218E2-B6BB-4769-8DA6-515D8A21D72B}.Release|Any CPU.ActiveCfg = Release|Any CPU
		{768218E2-B6BB-4769-8DA6-515D8A21D72B}.Release|Any CPU.Build.0 = Release|Any CPU
		{A72E33B5-7026-4829-A7DB-52ECE0AF9412}.Debug|Any CPU.ActiveCfg = Debug|Any CPU
		{A72E33B5-7026-4829-A7DB-52ECE0AF9412}.Debug|Any CPU.Build.0 = Debug|Any CPU
		{A72E33B5-7026-4829-A7DB-52ECE0AF9412}.Release|Any CPU.ActiveCfg = Release|Any CPU
		{A72E33B5-7026-4829-A7DB-52ECE0AF9412}.Release|Any CPU.Build.0 = Release|Any CPU
	EndGlobalSection
	GlobalSection(SolutionProperties) = preSolution
		HideSolutionNode = FALSE
	EndGlobalSection
	GlobalSection(ExtensibilityGlobals) = postSolution
		SolutionGuid = {7B450923-0CC9-4047-AFA4-7C80E0BE6E9E}
	EndGlobalSection
EndGlobal
